version: 2
inputs:
  stemma/v1alpha1/BuildMacPkg/branding:
    scripts:
      version: 1
      resolver: file
      resolver_version: "1"
      declaration: ec521052526b0f78bff2b29f28283033c6cf07c8be797c0c8f8f011dd11dafac
      resolved_at: "2026-09-20T02:31:17Z"
      observation: {}
      content:
        artifact:
          sha256: 17992d98dbcf5f6bb4df7c9c6a88fc9af35d4beb9e147f479e350665a9379278
          size: 5632
        filename: Scripts
        tree: true
        mode: 493
    wallpaper:
      version: 1
      resolver: http
      resolver_version: "1"
      declaration: 877a7da1fd412b71ac4080072804bc41f5b0d28732341f859e303a22ca666acc
      resolved_at: "2026-09-14T13:48:10Z"
      observation:
        etag: '"d4eea466514696606292d47be08fda2c"'
        last_modified: Fri, 31 Oct 2025 02:33:47 GMT
        url: https://r2-d2.woodleigh.vic.edu.au/Woodleigh.jpg
      content:
        artifact:
          sha256: 0797320d16824611e9fc413b9e642f14adf550134a51cb4f2efa5af07df5ab76
          size: 1367297
        filename: Woodleigh.jpg
        mode: 420
  stemma/v1alpha1/BuildMacPkg/garageband-all-sounds:
    assets:
      version: 1
      resolver: file
      resolver_version: "1"
      declaration: df591292cfca427c4ce53684161f25b5860b57a6459320c8783005b04336650f
      resolved_at: "2026-09-12T10:13:12Z"
      observation: {}
      content:
        artifact:
          sha256: d555fcd04538a3829eab6708f222a8e69ee43f0a6cbadfab61eaae17467857a0
          size: 5928960
        filename: Assets
        tree: true
        mode: 493
    scripts:
      version: 1
      resolver: file
      resolver_version: "1"
      declaration: cea9101c8bc3ce861692d8478cd7ed7df85ced58da4a7326e409dd278eb30ee3
      resolved_at: "2026-09-23T00:01:18Z"
      observation: {}
      content:
        artifact:
          sha256: 2e5aef0b303f592133d5ab82c5d90df9b72a88ab060ce5206248f5a481ec0154
          size: 4608
        filename: Scripts
        tree: true
        mode: 493
  stemma/v1alpha1/BuildMacPkg/garageband-essential-sounds:
    assets:
      version: 1
      resolver: file
      resolver_version: "1"
      declaration: df591292cfca427c4ce53684161f25b5860b57a6459320c8783005b04336650f
      resolved_at: "2026-09-12T09:15:00Z"
      observation: {}
      content:
        artifact:
          sha256: d555fcd04538a3829eab6708f222a8e69ee43f0a6cbadfab61eaae17467857a0
          size: 5928960
        filename: Assets
        tree: true
        mode: 493
    scripts:
      version: 1
      resolver: file
      resolver_version: "1"
      declaration: cea9101c8bc3ce861692d8478cd7ed7df85ced58da4a7326e409dd278eb30ee3
      resolved_at: "2026-09-23T00:01:18Z"
      observation: {}
      content:
        artifact:
          sha256: 2e5aef0b303f592133d5ab82c5d90df9b72a88ab060ce5206248f5a481ec0154
          size: 4608
        filename: Scripts
        tree: true
        mode: 493
  stemma/v1alpha1/BuildMacPkg/sophos:
    vendor:
      version: 1
      resolver: http
      resolver_version: "1"
      declaration: 4802a2ef7af946a75e3cd5761a92797e7a838aec16385f2c473599aca991d72d
      resolved_at: "2026-09-23T00:01:18Z"
      observation:
        url: https://dzr-api-amzn-eu-west-1-9af7.api-upe.p.hmr.sophos.com/api/download/a51be3b1c689c4225374bdd797335f42/SophosInstall.zip
      content:
        artifact:
          sha256: 3d4d6184436ea22b477740004280f80f5d156bf39762b347bea7266301953fbc
          size: 6452809
        filename: SophosInstall.zip
        mode: 420
  stemma/v1alpha1/MacSoftware/1password:
    source:
      version: 1
      resolver: http
      resolver_version: "1"
      declaration: 14c6add12f958da5086f434b0d8ee6c148611f20de34d8676a061541dc72573d
      resolved_at: "2026-09-12T13:19:32Z"
      observation:
        etag: '"3a6002cc17179b745c7e8cc03cafed9b-47"'
        last_modified: Tue, 08 Sep 2026 18:00:47 GMT
        url: https://downloads.1password.com/mac/1Password.pkg
      content:
        artifact:
          sha256: 48e383a0b754e133d44dc900130c09266435f0f2fbf6aa2f40f7e0946ed9def8
          size: 393410672
        filename: 1Password.pkg
        mode: 420
  stemma/v1alpha1/MacSoftware/activinspire:
    source:
      version: 1
      resolver: http
      resolver_version: "1"
      declaration: 270cc135957ec00d354a72683ea3e8d9b90a2b7b66d90c826df10d5cd711f9c1
      resolved_at: "2026-09-23T00:01:25Z"
      observation:
        etag: '"f6ca7882abcc6dfe383b36cedd6185fc-42"'
        last_modified: Wed, 18 Sep 2024 12:50:08 GMT
        url: http://www.activsoftware.co.uk/update/Inspire/update/mac/ActivInspire_Application_v3.4.16_MAC.dmg
      content:
        artifact:
          sha256: be9337a23401fc3e1fdaae8e529f102cd10fe89b97c9b8a69ad5d5bed7ee6eea
          size: 708069135
        filename: ActivInspire_Application_v3.4.16_MAC.dmg
        mode: 420
  stemma/v1alpha1/MacSoftware/assetcache-exporter:
    source:
      version: 1
      resolver: github
      resolver_version: "1"
      declaration: fc31945b95182ae927f1570092040fb0eca797b3e3a077a1ed2d241fa7ca70bd
      resolved_at: "2026-09-23T00:01:37Z"
      observation:
        asset_id: 554516707
        release: 1.3.0
        release_id: 386084636
        url: https://github.com/woodleighschool/assetcache-exporter/releases/download/1.3.0/assetcache-exporter-1.3.0.pkg
      content:
        artifact:
          sha256: 7213002dd1900bcf0a0a8294e291e2a8cbbff62143bc3f61e21cf5bc68239a5d
          size: 6396295
        filename: assetcache-exporter-1.3.0.pkg
        mode: 420
  stemma/v1alpha1/MacSoftware/audacity:
    source:
      version: 1
      resolver: github
      resolver_version: "1"
      declaration: 4e8624b9cc81a4571f17484743de6e43f1a44429124730923318d89dd00025d6
      resolved_at: "2026-09-23T00:01:38Z"
      observation:
        asset_id: 542511135
        release: Audacity-4.0.0
        release_id: 381877760
        url: https://github.com/audacity/audacity/releases/download/Audacity-4.0.0/audacity-macOS-4.0.0-arm64.dmg
      content:
        artifact:
          sha256: 266201f3151b09e46a5ab8e0ce1a16cefdd53a66fc7c979e943b2c88d6500c51
          size: 46806707
        filename: audacity-macOS-4.0.0-arm64.dmg
        mode: 420
  stemma/v1alpha1/MacSoftware/autodesk-fusion:
    source:
      version: 1
      resolver: http
      resolver_version: "1"
      declaration: 07d652bb43c6c88cfe177f20373e416575d86548a092a6c8bc505c4718ab3bdd
      resolved_at: "2026-09-23T12:49:47Z"
      observation:
        etag: '"1b63e4e1ba8c82d5a78512b31f91737c:1790035014.086454"'
        last_modified: Mon, 21 Sep 2026 23:58:36 GMT
        url: https://dl.appstreaming.autodesk.com/production/installers/Autodesk%20Fusion%20Admin%20Install.pkg
      content:
        artifact:
          sha256: c5887bdc49fd51f60c8e17f47688f72db67153253961f382d170dc9a680974a9
          size: 3796327954
        filename: Autodesk Fusion Admin Install.pkg
        mode: 420
  stemma/v1alpha1/MacSoftware/bambustudio:
    source:
      version: 1
      resolver: github
      resolver_version: "1"
      declaration: 658612c6d75822f03410ba922bbdd2662e70c1a263d5b57b92f2ef7eb4f74bfd
      resolved_at: "2026-09-23T00:01:40Z"
      observation:
        asset_id: 581275014
        release: v02.08.04.57
        release_id: 393562106
        url: https://github.com/bambulab/BambuStudio/releases/download/v02.08.04.57/Bambu_Studio_mac_v02.08.04.57-20260922164607.dmg
      content:
        artifact:
          sha256: 6d0099f60bb4449ee9066160cb65a8a1f639650a3f48cddf13566fe0c520ac66
          size: 308270960
        filename: Bambu_Studio_mac_v02.08.04.57-20260922164607.dmg
        mode: 420
  stemma/v1alpha1/MacSoftware/blender:
    source:
      version: 1
      resolver: blender
      resolver_version: 932921851ef57e9290e7871892a2d86108840d2afba8dbcf16dfd6ac16112e17
      declaration: c804a4b621c79e295ce90ef64097d592641877bf87f692ab420e0fe83afa5083
      resolved_at: "2026-09-23T00:01:48Z"
      observation:
        filename: blender-5.2.2-macos-arm64.dmg
        url: https://download.blender.org/release/Blender5.2/blender-5.2.2-macos-arm64.dmg
        version: 5.2.2
      content:
        artifact:
          sha256: dc4125399b8bfefe283cc1624d6cfc7809d1cac20ace51072127eb371f31f210
          size: 346286611
        filename: blender-5.2.2-macos-arm64.dmg
        mode: 420
      evidence:
        blender:
          version: 5.2.2
  stemma/v1alpha1/MacSoftware/company-portal:
    source:
      version: 1
      resolver: microsoft
      resolver_version: 932921851ef57e9290e7871892a2d86108840d2afba8dbcf16dfd6ac16112e17
      declaration: 57b005d3ce8541a109b820cb630bc290ec15c6a0b72a9a3bb3fd3116eef51bb6
      resolved_at: "2026-09-12T13:20:43Z"
      observation:
        filename: CompanyPortal-Installer.pkg
        url: https://res.public.onecdn.static.microsoft/mro1cdnstorage/C1297A47-86C4-4C1F-97FA-950631F94777/MacAutoupdate/CompanyPortal-Installer.pkg
        version: ""
      content:
        artifact:
          sha256: 08f18b9b1c0db678ef80b5e560bb29aa45074218b56685765a6d964eb3dda9f7
          size: 85659163
        filename: CompanyPortal-Installer.pkg
        mode: 420
  stemma/v1alpha1/MacSoftware/cricut-design-space:
    source:
      version: 1
      resolver: cricut
      resolver_version: 932921851ef57e9290e7871892a2d86108840d2afba8dbcf16dfd6ac16112e17
      declaration: 5d0b7971524b0688b5d02356b7abf764ae962aba9373bcd32801774de9e428f9
      resolved_at: "2026-09-23T00:02:07Z"
      observation:
        filename: CricutDesignSpace-Install-v9.83.76.dmg
        url: https://staticcontent.cricut.com/a/software/osx-native/CricutDesignSpace-Install-v9.83.76.dmg?Expires=1790125328&Signature=JQzlLgXpC-9g9k0zquPAoE5xKNJx9f3Sm9so7djYFsWXB2~ajeJ~3xerfeFfJ2A1MIyTZL2DmLaqlTbGif65mzyPRCDIRFOGu02m6ncINw1DWzsPBrRpnF7OxBEIncDfN7~40ILpeAaj51VlpqQvbac0TVV~LZp9~2VE65WdZ7AtD1iOPHsCGbh~mh73nvMsMEPQTFZl7px1JeUv8Rq1aSUGsWWLFbzsoK-XWshh1kY48SQ5zJAeFtbjTFPdVHLUYL88sLetUHBxu0rvWz~Z9QOmnBQrFspXqPm0bv6xI0-CVJiemV1hMIYn7Hdwge~9q7v2HOF9wFhvIGHOy~FQww__&Key-Pair-Id=K2W1AJ47IQWIOI
        version: ""
      content:
        artifact:
          sha256: a2b5cc505f5660e984cdc2f4cb7d6d81c5192ebdb505dc9b65b4fc09d3523851
          size: 403839816
        filename: CricutDesignSpace-Install-v9.83.76.dmg
        mode: 420
  stemma/v1alpha1/MacSoftware/docker-desktop:
    source:
      version: 1
      resolver: http
      resolver_version: "1"
      declaration: 296efb5e6ca6d488e72356659af78a98490d3305fe4583308e9de2753ed075aa
      resolved_at: "2026-09-23T00:02:29Z"
      observation:
        etag: '"ef11f2915f3acb65bb068b56b0374f36"'
        last_modified: Mon, 21 Sep 2026 13:18:20 GMT
        url: https://desktop.docker.com/mac/main/arm64/Docker.dmg
      content:
        artifact:
          sha256: e513bbfeca246165595e2f17cabf6579936f36057f3f4fb689c619e6aac6d188
          size: 586158615
        filename: Docker.dmg
        mode: 420
  stemma/v1alpha1/MacSoftware/easyfind:
    source:
      version: 1
      resolver: http
      resolver_version: "1"
      declaration: 43c72883ee4d3c9f7c9d4d6d6266fb2e40de919886bbf07cbf63ebaf275571f5
      resolved_at: "2026-09-12T13:20:45Z"
      observation:
        etag: '"91ce8e492999bfa0cf4a95e2aa505b73"'
        last_modified: Thu, 19 Aug 2021 07:01:12 GMT
        url: https://download.devontechnologies.com/download/freeware/easyfind/5.0.2/EasyFind.app.zip
      content:
        artifact:
          sha256: 1539a562539e3b3a243da864fddee0351a4c7d109aa9dcae436775ecbb288fc9
          size: 5056310
        filename: EasyFind.app.zip
        mode: 420
  stemma/v1alpha1/MacSoftware/epson-drivers:
    source:
      version: 1
      resolver: epson
      resolver_version: 932921851ef57e9290e7871892a2d86108840d2afba8dbcf16dfd6ac16112e17
      declaration: befddb0176cdc80cf2158e6f1b039b60d6689f8a78bc3b3dd10fe493e743d1a2
      resolved_at: "2026-09-23T00:04:24Z"
      observation:
        filename: AMC6000_AMC5000_AMC4000_1348AW_21.dmg
        url: https://d21ceiiri21o6e.cloudfront.net/f/module/3d238dc5-9ccc-4d31-b74f-6ab6a284ad7f/AMC6000_AMC5000_AMC4000_1348AW_21.dmg
        version: "13.48"
      content:
        artifact:
          sha256: 0882e77c517e6941233d464a746b51200645f5ec9d58d417cfc7426241ce30cb
          size: 67597622
        filename: AMC6000_AMC5000_AMC4000_1348AW_21.dmg
        mode: 420
      evidence:
        epson:
          version: "13.48"
  stemma/v1alpha1/MacSoftware/gamemaker:
    source:
      version: 1
      resolver: http
      resolver_version: "1"
      declaration: a38e9a34969899ddf6c73418a94d1fd0e5d2fdda8c3047d5c38cb821a501c4f1
      resolved_at: "2026-09-12T13:20:46Z"
      observation:
        last_modified: Thu, 10 Sep 2026 12:36:57 GMT
        url: https://gamemaker.io/en/download/mac/monthly/GameMaker.pkg
      content:
        artifact:
          sha256: 8cbd33a9a92ed60ebd53734413b33afdeb8c677326ada0c80971e9f91555cc7f
          size: 450731494
        filename: GameMaker-2024.14.4.222.pkg
        mode: 420
  stemma/v1alpha1/MacSoftware/globalprotect:
    source:
      version: 1
      resolver: http
      resolver_version: "1"
      declaration: a98e54abc224f1e9c372a4040578efc9c436ae7ee96caccdf359b0e91734cbf6
      resolved_at: "2026-09-12T13:20:53Z"
      observation:
        etag: '"69fdabee-839e504"'
        last_modified: Fri, 08 May 2026 09:25:02 GMT
        url: https://access.woodleigh.vic.edu.au/global-protect/getmsi.esp?platform=mac
      content:
        artifact:
          sha256: 4136c718caf3cbe8bb29e16cc21b92efea1dbb7851f19e508d857d246644ead2
          size: 138011908
        filename: GlobalProtect.pkg
        mode: 420
  stemma/v1alpha1/MacSoftware/godot:
    source:
      version: 1
      resolver: http
      resolver_version: "1"
      declaration: 02c8e274c4ba81ff14f7f427efef991eac769dcfbdbf9e5a77ffafe6246413ba
      resolved_at: "2026-09-12T09:14:09Z"
      observation:
        etag: '"adb0e5cdb5b9b0ead786410289d14808"'
        last_modified: Tue, 18 Aug 2026 16:53:36 GMT
        url: https://downloads.godotengine.org/?version=4.7.2&flavor=stable&slug=macos.universal.zip&platform=macos.universal
      content:
        artifact:
          sha256: c58a24e31d720be9d62f60cb5627c4e695fb72f21b0cfe1bc9ccaa9a3b3ba63e
          size: 170622178
        filename: Godot_v4.7.2-stable_macos.universal.zip
        mode: 420
  stemma/v1alpha1/MacSoftware/google-chrome:
    source:
      version: 1
      resolver: http
      resolver_version: "1"
      declaration: f8256e4340990b785cbabaa4fb0861cee091bfa32de2a0b8cb82b21b03d8cbb3
      resolved_at: "2026-09-23T00:04:52Z"
      observation:
        etag: '"6d2e6c8"'
        last_modified: Tue, 22 Sep 2026 18:21:47 GMT
        url: https://dl.google.com/dl/chrome/mac/universal/stable/gcem/GoogleChrome.pkg
      content:
        artifact:
          sha256: 81fb269b937fae2f3da79a07a05d52e616b05c132e452f289e605f94c1a68b26
          size: 264589035
        filename: GoogleChrome.pkg
        mode: 420
  stemma/v1alpha1/MacSoftware/google-earth-pro:
    source:
      version: 1
      resolver: http
      resolver_version: "1"
      declaration: b9a2bb608d5ccc7306532ef7acc7befccc9e3e775576146f922c05239b17fac6
      resolved_at: "2026-09-12T13:21:02Z"
      observation:
        etag: '"6986c66-6aa1e4d0"'
        last_modified: Thu, 20 Aug 2026 21:40:49 GMT
        url: https://dl.google.com/dl/earth/client/advanced/current/googleearthpromac-intel.dmg
      content:
        artifact:
          sha256: 20df0f4927f312f8d47e60294b9a77fd60e44be61476a581fb9195c029ba0893
          size: 84161771
        filename: googleearthpromac-intel.dmg
        mode: 420
  stemma/v1alpha1/MacSoftware/microsoft-365-business-pro-suite:
    source:
      version: 1
      resolver: microsoft
      resolver_version: 932921851ef57e9290e7871892a2d86108840d2afba8dbcf16dfd6ac16112e17
      declaration: 3427a8c8405dd7b54b536bd3b91d66a0f110396fe26ac6ed7e9e3bc9b1a6b334
      resolved_at: "2026-09-23T00:05:36Z"
      observation:
        filename: Microsoft_365_and_Office_16.113.26092012_BusinessPro_Installer.pkg
        url: https://res.public.onecdn.static.microsoft/mro1cdnstorage/C1297A47-86C4-4C1F-97FA-950631F94777/MacAutoupdate/Microsoft_365_and_Office_16.113.26092012_BusinessPro_Installer.pkg
        version: ""
      content:
        artifact:
          sha256: af7208b15f91a3ed11129643b0b0c3de54ec5adbb8c9aadfff0948a76d3c1819
          size: 3223984488
        filename: Microsoft_365_and_Office_16.113.26092012_BusinessPro_Installer.pkg
        mode: 420
  stemma/v1alpha1/MacSoftware/microsoft-defender:
    source:
      version: 1
      resolver: microsoft
      resolver_version: 932921851ef57e9290e7871892a2d86108840d2afba8dbcf16dfd6ac16112e17
      declaration: 04ddabe065356a0c36b72ee2c0b1bf6063ef6e8bd0860858dd20ec6757423350
      resolved_at: "2026-09-23T00:06:35Z"
      observation:
        filename: wdav.pkg
        url: https://res.public.onecdn.static.microsoft/mro1cdnstorage/C1297A47-86C4-4C1F-97FA-950631F94777/MacAutoupdate/wdav.pkg
        version: ""
      content:
        artifact:
          sha256: 4f2670eb11eb080e864605ff41310277228991f4ebe16a651880cb3435e4f8b7
          size: 475531754
        filename: wdav.pkg
        mode: 420
  stemma/v1alpha1/MacSoftware/microsoft-edge:
    source:
      version: 1
      resolver: microsoft
      resolver_version: 932921851ef57e9290e7871892a2d86108840d2afba8dbcf16dfd6ac16112e17
      declaration: d956aada387ef75bf2fb0fe0bd97c798c490d054a44548d654141352d33ceb97
      resolved_at: "2026-09-19T09:55:22Z"
      observation:
        filename: MicrosoftEdge-153.0.4234.48.pkg
        url: https://msedge.sf.dl.delivery.mp.microsoft.com/filestreamingservice/files/8aa4efa6-ccfc-45df-9f57-bf678d2faf18/MicrosoftEdge-153.0.4234.48.pkg
        version: ""
      content:
        artifact:
          sha256: b9302cbc5e0adb22a82568d62a18d34050192d11c4b1344575dc6b5c264b58af
          size: 429993224
        filename: MicrosoftEdge-153.0.4234.48.pkg
        mode: 420
  stemma/v1alpha1/MacSoftware/microsoft-excel:
    source:
      version: 1
      resolver: microsoft
      resolver_version: 932921851ef57e9290e7871892a2d86108840d2afba8dbcf16dfd6ac16112e17
      declaration: eaf7222edc7ff70db33673432452afab2166ed185eda8b0fa2ef5ab6b670351d
      resolved_at: "2026-09-23T00:06:55Z"
      observation:
        filename: Microsoft_Excel_16.113.26092012_Installer.pkg
        url: https://res.public.onecdn.static.microsoft/mro1cdnstorage/C1297A47-86C4-4C1F-97FA-950631F94777/MacAutoupdate/Microsoft_Excel_16.113.26092012_Installer.pkg
        version: 16.113.26092012
      content:
        artifact:
          sha256: cfd6ef609fe96e5de049310f9410c18ee2c4e53825731095a940e9c6bcbcc79f
          size: 1179109192
        filename: Microsoft_Excel_16.113.26092012_Installer.pkg
        mode: 420
      evidence:
        microsoft:
          version: 16.113.26092012
  stemma/v1alpha1/MacSoftware/microsoft-onenote:
    source:
      version: 1
      resolver: microsoft
      resolver_version: 932921851ef57e9290e7871892a2d86108840d2afba8dbcf16dfd6ac16112e17
      declaration: e1169584a74b40d552ccde05c15d68a488336719ef441658439aba4077accea7
      resolved_at: "2026-09-23T00:07:14Z"
      observation:
        filename: Microsoft_OneNote_16.113.26092012_Updater.pkg
        url: https://res.public.onecdn.static.microsoft/mro1cdnstorage/C1297A47-86C4-4C1F-97FA-950631F94777/MacAutoupdate/Microsoft_OneNote_16.113.26092012_Updater.pkg
        version: 16.113.26092012
      content:
        artifact:
          sha256: 388282f207837bfff7663cf57681fea33cc32fcd878c84a12413253928ccfc03
          size: 628254834
        filename: Microsoft_OneNote_16.113.26092012_Updater.pkg
        mode: 420
      evidence:
        microsoft:
          version: 16.113.26092012
  stemma/v1alpha1/MacSoftware/microsoft-outlook:
    source:
      version: 1
      resolver: microsoft
      resolver_version: 932921851ef57e9290e7871892a2d86108840d2afba8dbcf16dfd6ac16112e17
      declaration: af7038425c6324fab22b3e4ac5c48e355b9bebea80e35a30bcd0da726d55ebd5
      resolved_at: "2026-09-23T00:07:23Z"
      observation:
        filename: Microsoft_Outlook_16.113.26092012_Installer.pkg
        url: https://res.public.onecdn.static.microsoft/mro1cdnstorage/C1297A47-86C4-4C1F-97FA-950631F94777/MacAutoupdate/Microsoft_Outlook_16.113.26092012_Installer.pkg
        version: 16.113.26092012
      content:
        artifact:
          sha256: e036d4b1fee9ab1c341b00e929446667c24a72df2f72f5a7561ff96ba0a8faaf
          size: 1238063728
        filename: Microsoft_Outlook_16.113.26092012_Installer.pkg
        mode: 420
      evidence:
        microsoft:
          version: 16.113.26092012
  stemma/v1alpha1/MacSoftware/microsoft-powerpoint:
    source:
      version: 1
      resolver: microsoft
      resolver_version: 932921851ef57e9290e7871892a2d86108840d2afba8dbcf16dfd6ac16112e17
      declaration: 94371a1c5d90baf3b1999052a36539079296bd270d51132389bdac7dd271b44b
      resolved_at: "2026-09-23T00:07:41Z"
      observation:
        filename: Microsoft_PowerPoint_16.113.26092012_Installer.pkg
        url: https://res.public.onecdn.static.microsoft/mro1cdnstorage/C1297A47-86C4-4C1F-97FA-950631F94777/MacAutoupdate/Microsoft_PowerPoint_16.113.26092012_Installer.pkg
        version: 16.113.26092012
      content:
        artifact:
          sha256: 62597acd30ca4f32b96aa8c15a1445fc34cac32c9b3eef057d5476efcbe7ce04
          size: 1093720470
        filename: Microsoft_PowerPoint_16.113.26092012_Installer.pkg
        mode: 420
      evidence:
        microsoft:
          version: 16.113.26092012
  stemma/v1alpha1/MacSoftware/microsoft-teams:
    source:
      version: 1
      resolver: microsoft
      resolver_version: 932921851ef57e9290e7871892a2d86108840d2afba8dbcf16dfd6ac16112e17
      declaration: 3529326da253b87d7da01a5936d58816e1c49b2e469a85dd4367bcd0897bd7a4
      resolved_at: "2026-09-12T13:23:01Z"
      observation:
        filename: MicrosoftTeams.pkg
        url: https://statics.teams.cdn.office.net/production-osx/enterprise/webview2/lkg/MicrosoftTeams.pkg
        version: ""
      content:
        artifact:
          sha256: 7286fc72255c3f765024f6c08fc8e054b3426780d28b7c4b2b3deda99ea64728
          size: 355400813
        filename: MicrosoftTeams.pkg
        mode: 420
  stemma/v1alpha1/MacSoftware/microsoft-word:
    source:
      version: 1
      resolver: microsoft
      resolver_version: 932921851ef57e9290e7871892a2d86108840d2afba8dbcf16dfd6ac16112e17
      declaration: 410435cfc92bd8175e8c8cadb22af92eeab6f4f55138456a40ca7a2beab8adab
      resolved_at: "2026-09-23T00:08:07Z"
      observation:
        filename: Microsoft_Word_16.113.26092012_Installer.pkg
        url: https://res.public.onecdn.static.microsoft/mro1cdnstorage/C1297A47-86C4-4C1F-97FA-950631F94777/MacAutoupdate/Microsoft_Word_16.113.26092012_Installer.pkg
        version: 16.113.26092012
      content:
        artifact:
          sha256: 747876ba0c52d2b1b6cc0abdc62716cda6fd2a2a5d5cff0358e3fae5a8f269c5
          size: 1412907516
        filename: Microsoft_Word_16.113.26092012_Installer.pkg
        mode: 420
      evidence:
        microsoft:
          version: 16.113.26092012
  stemma/v1alpha1/MacSoftware/minecraft-education:
    source:
      version: 1
      resolver: http
      resolver_version: "1"
      declaration: 2a16778cc9327a3f6551d1c34c8a38a62f6598a8991b6a472b8c146f1efd28c8
      resolved_at: "2026-09-12T13:23:25Z"
      observation:
        etag: '"0x8DEECCD916DDAE5"'
        last_modified: Tue, 28 Jul 2026 17:27:58 GMT
        url: https://aka.ms/meeclientmacos
      content:
        artifact:
          sha256: 8aaada426842ebc054acb70ecd0a44fcb9abe02988e98d5488f17376380e2960
          size: 866494212
        filename: Minecraft_Education_1.26.32.0.dmg
        mode: 420
  stemma/v1alpha1/MacSoftware/munki:
    source:
      version: 1
      resolver: github
      resolver_version: "1"
      declaration: 4a33c3aa1118fc2541366df6c8ca288045a45754228eea17e6701ec1aabc18c4
      resolved_at: "2026-09-23T00:08:27Z"
      observation:
        asset_id: 529357077
        release: v7.3.0
        release_id: 376493304
        url: https://github.com/munki/munki/releases/download/v7.3.0/munkitools-7.3.0.5808.pkg
      content:
        artifact:
          sha256: 4ed826bd32811ef54524a10300f66c9af4c9fdd8c243ada146d468485e1bffcc
          size: 21389966
        filename: munkitools-7.3.0.5808.pkg
        mode: 420
  stemma/v1alpha1/MacSoftware/nap-locked-down-browser:
    source:
      version: 1
      resolver: http
      resolver_version: "1"
      declaration: d34da181a79d98ca8da579dc7d0121aa003bce0b9619f69897a524aaa80a5a49
      resolved_at: "2026-09-12T13:25:38Z"
      observation:
        etag: '"0x8DE518345A556A5"'
        last_modified: Mon, 12 Jan 2026 02:35:38 GMT
        url: https://pages.assessform.edu.au/uploads/files/Release/NAP%20Locked%20down%20browser%20-%20Release%20-%205.10.5.pkg
      content:
        artifact:
          sha256: 0c52500ff74f25dd7bc1080381cdf9c44695e796c614f347b0dd1c4ba4f91ea0
          size: 24802971
        filename: NAP Locked down browser - Release - 5.10.5.pkg
        mode: 420
  stemma/v1alpha1/MacSoftware/onedrive:
    source:
      version: 1
      resolver: microsoft
      resolver_version: 932921851ef57e9290e7871892a2d86108840d2afba8dbcf16dfd6ac16112e17
      declaration: 320a79396f607c13944f2186c535aaa4967658ce358e2617d93a2e18518be6f7
      resolved_at: "2026-09-12T13:25:46Z"
      observation:
        filename: OneDrive.pkg
        url: https://oneclient.sfx.ms/Mac/Installers/26.153.0809.0004/universal/OneDrive.pkg
        version: ""
      content:
        artifact:
          sha256: 35d67e76de8579fa0b533fff7ff3b618ea54f574a8a557bb9d3d736b14029f78
          size: 313891319
        filename: OneDrive.pkg
        mode: 420
  stemma/v1alpha1/MacSoftware/plinth:
    source:
      version: 1
      resolver: github
      resolver_version: "1"
      declaration: 834765ae89f572e3ca96df2309ea63c901857f9f5b9e297eb8d862a934321bc6
      resolved_at: "2026-09-23T00:08:34Z"
      observation:
        asset_id: 532948753
        release: 0.1.8
        release_id: 378158752
        url: https://github.com/woodleighschool/plinth/releases/download/0.1.8/Plinth-0.1.8.pkg
      content:
        artifact:
          sha256: 47e1fd30fdca0c3d7229ee3f377c19a77acbd1243c7e87f2cc474bfb1536fbd4
          size: 1947148
        filename: Plinth-0.1.8.pkg
        mode: 420
  stemma/v1alpha1/MacSoftware/python:
    source:
      version: 1
      resolver: python
      resolver_version: 932921851ef57e9290e7871892a2d86108840d2afba8dbcf16dfd6ac16112e17
      declaration: 3501e129389d0d032dfad059f8086ccf36e840b9311e07fd0763a9b870a76816
      resolved_at: "2026-09-23T00:08:35Z"
      observation:
        filename: python-3.13.15-macos11.pkg
        url: https://www.python.org/ftp/python/3.13.15/python-3.13.15-macos11.pkg
        version: 3.13.15
      content:
        artifact:
          sha256: 3b7eaf7f29825f796e8267024435540ddf1f17fc9a97ad58095daa7a75bfdcd3
          size: 72078932
        filename: python-3.13.15-macos11.pkg
        mode: 420
      evidence:
        python:
          version: 3.13.15
  stemma/v1alpha1/MacSoftware/rekordbox-7:
    source:
      version: 1
      resolver: http
      resolver_version: "1"
      declaration: b9d7a9a1bec9e2ca853c2748791cfa32b4384c2ac381f4d6d337393d721baf60
      resolved_at: "2026-09-23T00:08:37Z"
      observation:
        etag: '"8ff9cafc99d47d9de391eabe81e88376"'
        last_modified: Wed, 05 Aug 2026 03:35:12 GMT
        url: https://cdn.rekordbox.com/files/20260805123505/Install_rekordbox_7_2_18.pkg_.zip
      content:
        artifact:
          sha256: b5b74a5c35fa2ccc1bf6fbe51ee5315de2c7464b19ac7d46913276272adc6e05
          size: 927041013
        filename: Install_rekordbox_7_2_18.pkg_.zip
        mode: 420
  stemma/v1alpha1/MacSoftware/safe-exam-browser:
    source:
      version: 1
      resolver: github
      resolver_version: "1"
      declaration: e039d70e6a2f4341d89eb308e775336f36e362a41d8f0ee7460dcb1560bbd021
      resolved_at: "2026-09-16T14:24:47Z"
      observation:
        asset_id: 553598100
        release: 3.7.1
        release_id: 385854580
        url: https://github.com/SafeExamBrowser/seb-mac/releases/download/3.7.1/SafeExamBrowser-3.7.1.dmg
      content:
        artifact:
          sha256: d9a11b2f5f35f5681b0f0f204a217bdcb90413481748f34cbff2ae86044e6086
          size: 11456688
        filename: SafeExamBrowser-3.7.1.dmg
        mode: 420
  stemma/v1alpha1/MacSoftware/santa:
    source:
      version: 1
      resolver: github
      resolver_version: "1"
      declaration: b0a572b4a0ec1c47d23197ed0248fcc134f25fba7daf5577c98d2b2e00d4754f
      resolved_at: "2026-09-23T00:09:26Z"
      observation:
        asset_id: 568406356
        release: "2026.8"
        release_id: 390112701
        url: https://github.com/northpolesec/santa/releases/download/2026.8/santa-2026.8.pkg
      content:
        artifact:
          sha256: 0aaa970c7ddc63fe6a55c3144c825acb7f6bfa9cb15bcba1bffcaf2b5efc952a
          size: 53569367
        filename: santa-2026.8.pkg
        mode: 420
  stemma/v1alpha1/MacSoftware/spotify:
    source:
      version: 1
      resolver: http
      resolver_version: "1"
      declaration: d4af667d4d1d3b061a84c51f69cdea7765e10beceae9629053c1f5fcc7d1b295
      resolved_at: "2026-09-18T10:43:49Z"
      observation:
        etag: '"22f40d0d1465314ac95118373169656e"'
        last_modified: Thu, 17 Sep 2026 15:26:57 GMT
        url: https://download.scdn.co/SpotifyARM64.dmg
      content:
        artifact:
          sha256: 30171cb041c07749ad41fc0487c6d9c0e283b97a945c347d6719ec6ffe21be07
          size: 166001978
        filename: SpotifyARM64.dmg
        mode: 420
  stemma/v1alpha1/MacSoftware/swiftdialog:
    source:
      version: 1
      resolver: github
      resolver_version: "1"
      declaration: 60e701156e0971fac33bb37b63185c9890713a77052fc8a164f14102e1cbf14b
      resolved_at: "2026-09-23T00:09:29Z"
      observation:
        asset_id: 476624493
        release: v3.1.0
        release_id: 353749918
        url: https://github.com/swiftDialog/swiftDialog/releases/download/v3.1.0/dialog-3.1.0-4994.pkg
      content:
        artifact:
          sha256: 462921537425146b00b936448e518578b58d5177c039a609532cfea349c3e166
          size: 21133559
        filename: dialog-3.1.0-4994.pkg
        mode: 420
  stemma/v1alpha1/MacSoftware/ti-nspire-student:
    source:
      version: 1
      resolver: http
      resolver_version: "1"
      declaration: 868870163a67845512cac87ee807e18438180aa3ef62fdf588087010933f7e06
      resolved_at: "2026-09-23T00:09:30Z"
      observation:
        etag: '"7cf7e36d811b8d7d716840b39ed4c0d8-13"'
        last_modified: Mon, 18 Aug 2025 20:59:15 GMT
        url: https://education.ti.com/download/en/ed-tech/AFCFF2853BC34DEFB4C0B8B156F92404/C2917C2F3F26448CA245096925D9F715/TINspireCXStudentSoftware-6.3.0.119.dmg
      content:
        artifact:
          sha256: 4366d0d9d424684dd8ec8cb9bd98aaa9f512ff39867d19e3d03867a03d452fe7
          size: 214797658
        filename: TINspireCXStudentSoftware-6.3.0.119.dmg
        mode: 420
  stemma/v1alpha1/MacSoftware/ti-nspire-teacher:
    source:
      version: 1
      resolver: http
      resolver_version: "1"
      declaration: 6164b7a0ff74c4827391d5a091102c9d859a76331d8c2dbd26bce4eac7b1471a
      resolved_at: "2026-09-23T00:09:36Z"
      observation:
        etag: '"56882d85a20a3b45954b07ed6eebe6a3-28"'
        last_modified: Fri, 30 Jan 2026 18:02:43 GMT
        url: https://education.ti.com/download/en/ed-tech/B993F3BD97D94D7EA35E5D514DD57FB5/293CCDED1CD94E5B85FA44E8C8B73833/TINspireCXPremiumTeacherSoftware-6.4.0.74.dmg
      content:
        artifact:
          sha256: e7e8b666b1cb7de6c0d85064df5f85366ad0e3a4c411ee316b4daa02202d5d3f
          size: 470947743
        filename: TINspireCXPremiumTeacherSoftware-6.4.0.74.dmg
        mode: 420
  stemma/v1alpha1/MacSoftware/ultimaker-cura:
    source:
      version: 1
      resolver: github
      resolver_version: "1"
      declaration: 597bbca4de804239a9ff281d18313825c68bdea7cec198e9f03decceeaebc74e
      resolved_at: "2026-09-23T00:09:44Z"
      observation:
        asset_id: 431951372
        release: 5.13.0
        release_id: 330225040
        url: https://github.com/Ultimaker/Cura/releases/download/5.13.0/UltiMaker-Cura-5.13.0-macos-ARM64.dmg
      content:
        artifact:
          sha256: 1483806486a19728bc0f363f847d75be3f179ea43c7f074bfc327f5b5c6e05ad
          size: 172070501
        filename: UltiMaker-Cura-5.13.0-macos-ARM64.dmg
        mode: 420
  stemma/v1alpha1/MacSoftware/unity-hub:
    source:
      version: 1
      resolver: http
      resolver_version: "1"
      declaration: ab711f838eba210554cb462d671513ae8dff4cc2d7191ed2a4294aaf251cf84e
      resolved_at: "2026-09-16T13:50:51Z"
      observation:
        etag: '"f893945bb5581530695e067e80be771b-19"'
        last_modified: Tue, 15 Sep 2026 13:50:31 GMT
        url: https://public-cdn.cloud.unity3d.com/hub/prod/UnityHubSetup-arm64.dmg
      content:
        artifact:
          sha256: 15c1c3b03f036845d727047364358ca821c88ee4108b666db5368417053a154e
          size: 156126282
        filename: UnityHubSetup-arm64.dmg
        mode: 420
  stemma/v1alpha1/MacSoftware/vernier-graphical-analysis:
    source:
      version: 1
      resolver: http
      resolver_version: "1"
      declaration: dd0ae3433758942b619c363306541a4dd4323f09237ae0f7e76f69e833a92a40
      resolved_at: "2026-09-12T13:25:56Z"
      observation:
        etag: '"d44278380ac9ece7e00321e340b75a2c"'
        last_modified: Thu, 10 Sep 2026 23:36:50 GMT
        url: https://software-releases.graphicalanalysis.com/ga/mac/release/latest/Vernier-Graphical-Analysis.dmg
      content:
        artifact:
          sha256: a242c182adbe8bfc8ec4ea9fd50dba2ed6a692e75cf79cf41e05a448a5fd7a6f
          size: 232618146
        filename: Vernier-Graphical-Analysis.dmg
        mode: 420
  stemma/v1alpha1/MacSoftware/visual-studio-code:
    source:
      version: 1
      resolver: http
      resolver_version: "1"
      declaration: 6f113c46478ef79c97a521f218037bbe906df1c1c98628f803cb14e3457314eb
      resolved_at: "2026-09-16T13:50:59Z"
      observation:
        etag: '"0x83330B038A53F59284A069318B7AA295AEB7AC91BD0CA32C16D2261BF86948BA"'
        last_modified: Tue, 15 Sep 2026 08:45:09 GMT
        url: https://code.visualstudio.com/sha/download?build=stable&os=darwin-arm64-dmg
      content:
        artifact:
          sha256: ac59e4375a493d87edef35d91ebe9ad0635fd31914821bf303bf0161fc42ac39
          size: 283980347
        filename: VSCode-darwin-arm64.dmg
        mode: 420
  stemma/v1alpha1/MacSoftware/vivi:
    source:
      version: 1
      resolver: http
      resolver_version: "1"
      declaration: 67e4194a8106f7b3037621b4a391f859ed73c0fa9a5de7533d96f078def3aaa4
      resolved_at: "2026-09-12T13:26:06Z"
      observation:
        etag: '"2b5dcfd324d7667d1d99508507d3012d-60"'
        last_modified: Tue, 16 Jun 2026 01:16:05 GMT
        url: https://api.vivi.io/mac
      content:
        artifact:
          sha256: 8783b30c8da0c920e93573d3d54ae64825d97da274f012111ede14a4761465bf
          size: 309559384
        filename: Vivi-3.12.0.pkg
        mode: 420
  stemma/v1alpha1/MacSoftware/vlc:
    source:
      version: 1
      resolver: http
      resolver_version: "1"
      declaration: 43196139a9dc3475328fc6174645fe4a0649dd1ccd4714bc42505a093ef29d91
      resolved_at: "2026-09-23T00:09:56Z"
      observation:
        etag: '"365265d-65c0147c03d42"'
        last_modified: Mon, 21 Sep 2026 17:07:08 GMT
        url: https://get.videolan.org/vlc/3.0.24/macosx/vlc-3.0.24-arm64.dmg
      content:
        artifact:
          sha256: 64a89d93cdd30b0e97131743e246373db82d6826ea882d265d46d74b136da2b7
          size: 56960605
        filename: vlc-3.0.24-arm64.dmg
        mode: 420
  stemma/v1alpha1/MacSoftware/wacom-tablet-driver:
    source:
      version: 1
      resolver: http
      resolver_version: "1"
      declaration: 54b5017166324672c5551125d61ec62d07e97c9f0fbf34b8a9e299cba28e38bd
      resolved_at: "2026-09-23T00:10:01Z"
      observation:
        etag: "0x8DF18EB3C4D2BF8"
        last_modified: Tue, 22 Sep 2026 20:51:11 GMT
        url: https://cdn.wacom.com/u/productsupport/drivers/mac/professional/WacomTablet_6.4.14-2.dmg
      content:
        artifact:
          sha256: 9165218f880057c9b95b3a8b450ad795e359cbb2bb7078e6c7a450bd119d0a10
          size: 192238563
        filename: WacomTablet_6.4.14-2.dmg
        mode: 420
  stemma/v1alpha1/MacSoftware/windows-app:
    source:
      version: 1
      resolver: microsoft
      resolver_version: 932921851ef57e9290e7871892a2d86108840d2afba8dbcf16dfd6ac16112e17
      declaration: 942bf334b59409af1fb6332da4b905c3d2d14c07f9d49588819a8a712063209a
      resolved_at: "2026-09-23T00:10:11Z"
      observation:
        filename: Windows_App_11.4.2_installer.pkg
        url: https://res.public.onecdn.static.microsoft/mro1cdnstorage/C1297A47-86C4-4C1F-97FA-950631F94777/MacAutoupdate/Windows_App_11.4.2_installer.pkg
        version: ""
      content:
        artifact:
          sha256: e6f97a8422adc8267ceb4e17a484192bd90b3ac9b2df2bc48923144f33371d4f
          size: 106334625
        filename: Windows_App_11.4.2_installer.pkg
        mode: 420
  stemma/v1alpha1/MacSoftware/woodsweep:
    source:
      version: 1
      resolver: github
      resolver_version: "1"
      declaration: cab9cc03ad3068891b9cdb1d73c54136e3af205da5e147f91e77f1970536a4b0
      resolved_at: "2026-09-23T00:10:13Z"
      observation:
        asset_id: 533213276
        release: 0.2.3
        release_id: 378248387
        url: https://github.com/woodleighschool/woodsweep/releases/download/0.2.3/WoodSweep-0.2.3.zip
      content:
        artifact:
          sha256: c2b1b555f68252717486038d5110f1873ca4f941c5167d2a2be497a1ed330a5c
          size: 35126862
        filename: WoodSweep-0.2.3.zip
        mode: 420
  stemma/v1alpha1/MacSoftware/zoom:
    source:
      version: 1
      resolver: http
      resolver_version: "1"
      declaration: c55979850e795e033861595872ff599ab94a6389001ab7ae1f10eaf42e274994
      resolved_at: "2026-09-23T00:10:21Z"
      observation:
        etag: '"c10049905dc835f28d4b67a6bac90919-46"'
        last_modified: Mon, 21 Sep 2026 13:14:01 GMT
        url: https://zoom.us/client/latest/ZoomInstallerIT.pkg
      content:
        artifact:
          sha256: bd5a3310a747a694011ba314cc8accd86396082f96ce9560c9d2d9f2b663df3d
          size: 383120451
        filename: ZoomInstallerIT.pkg
        mode: 420
  stemma/v1alpha1/WindowsSoftware/google-chrome:
    source:
      version: 1
      resolver: http
      resolver_version: "1"
      declaration: bce4ed5e78e6c91e0cd711908a02cd8314ae06ca16e7eac8e840f9069c7f93ee
      resolved_at: "2026-09-23T00:10:28Z"
      observation:
        etag: '"6d2ce5f-6aa1e4d0"'
        last_modified: Tue, 22 Sep 2026 18:19:51 GMT
        url: https://dl.google.com/dl/chrome/install/googlechromestandaloneenterprise64.msi
      content:
        artifact:
          sha256: 40de51d92ebbc3d2e9b434526ec6f937bf9a62df6de7ca385dd02d0648379051
          size: 167686144
        filename: googlechromestandaloneenterprise64.msi
        mode: 420
  stemma/v1alpha1/WindowsSoftware/zoom:
    source:
      version: 1
      resolver: http
      resolver_version: "1"
      declaration: 3062bc012bac6be0b69c9174c3ff0269b88dc188a7b11d622af228ad2ceb55f8
      resolved_at: "2026-09-23T00:10:53Z"
      observation:
        etag: '"063de845eb7bbaa67ffd5b9a45895bde-27"'
        last_modified: Mon, 21 Sep 2026 12:35:43 GMT
        url: https://zoom.us/client/latest/ZoomInstallerFull.msi?archType=x64
      content:
        artifact:
          sha256: b0dac9fa5237d2e18144ca723644460e7cc26675e5d3db0f89fdfe47ad8c429b
          size: 220297216
        filename: ZoomInstallerFull.msi
        mode: 420
plugins:
  downloads:
    image: ghcr.io/woodleighschool/stemma-catalog/downloads@sha256:d16232bcd8ab55b0e9aba7ad5dbd0204a51b6006b75f32dfb8990d5bfaa10ef7
    digest: sha256:d16232bcd8ab55b0e9aba7ad5dbd0204a51b6006b75f32dfb8990d5bfaa10ef7
    size: 1605
  woodstar:
    image: ghcr.io/woodleighschool/woodstar/stemma@sha256:9c0af2b397eb7e212b8d3602cab1879790588dbdf770a1db5e9159c199eb41c2
    digest: sha256:9c0af2b397eb7e212b8d3602cab1879790588dbdf770a1db5e9159c199eb41c2
    size: 1605
