version: 3
inputs:
  stemma/v1alpha1/BuildMacPkg/branding:
    scripts:
      version: 1
      resolver: file
      resolver_version: "1"
      declaration: ec521052526b0f78bff2b29f28283033c6cf07c8be797c0c8f8f011dd11dafac
      observation: {}
      content:
        artifact:
          sha256: 17992d98dbcf5f6bb4df7c9c6a88fc9af35d4beb9e147f479e350665a9379278
          size: 5632
        filename: Scripts
        tree: true
        mode: 493
    wallpaper:
      version: 1
      resolver: http
      resolver_version: "1"
      declaration: 877a7da1fd412b71ac4080072804bc41f5b0d28732341f859e303a22ca666acc
      observation:
        url: https://r2-d2.woodleigh.vic.edu.au/Woodleigh.jpg
      content:
        artifact:
          sha256: 0797320d16824611e9fc413b9e642f14adf550134a51cb4f2efa5af07df5ab76
          size: 1367297
        filename: Woodleigh.jpg
        mode: 420
  stemma/v1alpha1/BuildMacPkg/garageband-all-sounds:
    assets:
      version: 1
      resolver: file
      resolver_version: "1"
      declaration: df591292cfca427c4ce53684161f25b5860b57a6459320c8783005b04336650f
      observation: {}
      content:
        artifact:
          sha256: d555fcd04538a3829eab6708f222a8e69ee43f0a6cbadfab61eaae17467857a0
          size: 5928960
        filename: Assets
        tree: true
        mode: 493
    scripts:
      version: 1
      resolver: file
      resolver_version: "1"
      declaration: cea9101c8bc3ce861692d8478cd7ed7df85ced58da4a7326e409dd278eb30ee3
      observation: {}
      content:
        artifact:
          sha256: 2e5aef0b303f592133d5ab82c5d90df9b72a88ab060ce5206248f5a481ec0154
          size: 4608
        filename: Scripts
        tree: true
        mode: 493
  stemma/v1alpha1/BuildMacPkg/garageband-essential-sounds:
    assets:
      version: 1
      resolver: file
      resolver_version: "1"
      declaration: df591292cfca427c4ce53684161f25b5860b57a6459320c8783005b04336650f
      observation: {}
      content:
        artifact:
          sha256: d555fcd04538a3829eab6708f222a8e69ee43f0a6cbadfab61eaae17467857a0
          size: 5928960
        filename: Assets
        tree: true
        mode: 493
    scripts:
      version: 1
      resolver: file
      resolver_version: "1"
      declaration: cea9101c8bc3ce861692d8478cd7ed7df85ced58da4a7326e409dd278eb30ee3
      observation: {}
      content:
        artifact:
          sha256: 2e5aef0b303f592133d5ab82c5d90df9b72a88ab060ce5206248f5a481ec0154
          size: 4608
        filename: Scripts
        tree: true
        mode: 493
  stemma/v1alpha1/BuildMacPkg/sophos:
    vendor:
      version: 1
      resolver: http
      resolver_version: "1"
      declaration: 4802a2ef7af946a75e3cd5761a92797e7a838aec16385f2c473599aca991d72d
      observation:
        url: https://dzr-api-amzn-eu-west-1-9af7.api-upe.p.hmr.sophos.com/api/download/a51be3b1c689c4225374bdd797335f42/SophosInstall.zip
      content:
        artifact:
          sha256: 3d4d6184436ea22b477740004280f80f5d156bf39762b347bea7266301953fbc
          size: 6452809
        filename: SophosInstall.zip
        mode: 420
  stemma/v1alpha1/MacSoftware/1password:
    source:
      version: 1
      resolver: http
      resolver_version: "1"
      declaration: 14c6add12f958da5086f434b0d8ee6c148611f20de34d8676a061541dc72573d
      observation:
        url: https://downloads.1password.com/mac/1Password.pkg
      content:
        artifact:
          sha256: 48e383a0b754e133d44dc900130c09266435f0f2fbf6aa2f40f7e0946ed9def8
          size: 393410672
        filename: 1Password.pkg
        mode: 420
  stemma/v1alpha1/MacSoftware/activinspire:
    source:
      version: 1
      resolver: http
      resolver_version: "1"
      declaration: 270cc135957ec00d354a72683ea3e8d9b90a2b7b66d90c826df10d5cd711f9c1
      observation:
        url: http://www.activsoftware.co.uk/update/Inspire/update/mac/ActivInspire_Application_v3.4.16_MAC.dmg
      content:
        artifact:
          sha256: be9337a23401fc3e1fdaae8e529f102cd10fe89b97c9b8a69ad5d5bed7ee6eea
          size: 708069135
        filename: ActivInspire_Application_v3.4.16_MAC.dmg
        mode: 420
  stemma/v1alpha1/MacSoftware/assetcache-exporter:
    source:
      version: 1
      resolver: github
      resolver_version: "1"
      declaration: fc31945b95182ae927f1570092040fb0eca797b3e3a077a1ed2d241fa7ca70bd
      observation:
        asset_id: 554516707
        release: 1.3.0
        release_id: 386084636
        url: https://github.com/woodleighschool/assetcache-exporter/releases/download/1.3.0/assetcache-exporter-1.3.0.pkg
      content:
        artifact:
          sha256: 7213002dd1900bcf0a0a8294e291e2a8cbbff62143bc3f61e21cf5bc68239a5d
          size: 6396295
        filename: assetcache-exporter-1.3.0.pkg
        mode: 420
  stemma/v1alpha1/MacSoftware/audacity:
    source:
      version: 1
      resolver: github
      resolver_version: "1"
      declaration: 4e8624b9cc81a4571f17484743de6e43f1a44429124730923318d89dd00025d6
      observation:
        asset_id: 542511135
        release: Audacity-4.0.0
        release_id: 381877760
        url: https://github.com/audacity/audacity/releases/download/Audacity-4.0.0/audacity-macOS-4.0.0-arm64.dmg
      content:
        artifact:
          sha256: 266201f3151b09e46a5ab8e0ce1a16cefdd53a66fc7c979e943b2c88d6500c51
          size: 46806707
        filename: audacity-macOS-4.0.0-arm64.dmg
        mode: 420
  stemma/v1alpha1/MacSoftware/autodesk-fusion:
    source:
      version: 1
      resolver: http
      resolver_version: "1"
      declaration: 07d652bb43c6c88cfe177f20373e416575d86548a092a6c8bc505c4718ab3bdd
      observation:
        url: https://dl.appstreaming.autodesk.com/production/installers/Autodesk%20Fusion%20Admin%20Install.pkg
      content:
        artifact:
          sha256: 91d55999618afd33de3bea0a81626648fda85324c5fabf8ff4290bfedb07bbba
          size: 3798015585
        filename: Autodesk Fusion Admin Install.pkg
        mode: 420
  stemma/v1alpha1/MacSoftware/bambustudio:
    source:
      version: 1
      resolver: github
      resolver_version: "1"
      declaration: 658612c6d75822f03410ba922bbdd2662e70c1a263d5b57b92f2ef7eb4f74bfd
      observation:
        asset_id: 581275014
        release: v02.08.04.57
        release_id: 393562106
        url: https://github.com/bambulab/BambuStudio/releases/download/v02.08.04.57/Bambu_Studio_mac_v02.08.04.57-20260922164607.dmg
      content:
        artifact:
          sha256: 6d0099f60bb4449ee9066160cb65a8a1f639650a3f48cddf13566fe0c520ac66
          size: 308270960
        filename: Bambu_Studio_mac_v02.08.04.57-20260922164607.dmg
        mode: 420
  stemma/v1alpha1/MacSoftware/blender:
    source:
      version: 1
      resolver: blender
      resolver_version: "1"
      declaration: c804a4b621c79e295ce90ef64097d592641877bf87f692ab420e0fe83afa5083
      observation:
        filename: blender-5.2.2-macos-arm64.dmg
        url: https://download.blender.org/release/Blender5.2/blender-5.2.2-macos-arm64.dmg
        version: 5.2.2
      content:
        artifact:
          sha256: dc4125399b8bfefe283cc1624d6cfc7809d1cac20ace51072127eb371f31f210
          size: 346286611
        filename: blender-5.2.2-macos-arm64.dmg
        mode: 420
      evidence:
        blender:
          version: 5.2.2
  stemma/v1alpha1/MacSoftware/company-portal:
    source:
      version: 1
      resolver: microsoft
      resolver_version: "1"
      declaration: 57b005d3ce8541a109b820cb630bc290ec15c6a0b72a9a3bb3fd3116eef51bb6
      observation:
        filename: CompanyPortal-Installer.pkg
        url: https://res.public.onecdn.static.microsoft/mro1cdnstorage/C1297A47-86C4-4C1F-97FA-950631F94777/MacAutoupdate/CompanyPortal-Installer.pkg
        version: ""
      content:
        artifact:
          sha256: 08f18b9b1c0db678ef80b5e560bb29aa45074218b56685765a6d964eb3dda9f7
          size: 85659163
        filename: CompanyPortal-Installer.pkg
        mode: 420
  stemma/v1alpha1/MacSoftware/cricut-design-space:
    source:
      version: 1
      resolver: cricut
      resolver_version: "1"
      declaration: 5d0b7971524b0688b5d02356b7abf764ae962aba9373bcd32801774de9e428f9
      observation:
        filename: CricutDesignSpace-Install-v9.83.76.dmg
        version: ""
      content:
        artifact:
          sha256: a2b5cc505f5660e984cdc2f4cb7d6d81c5192ebdb505dc9b65b4fc09d3523851
          size: 403839816
        filename: CricutDesignSpace-Install-v9.83.76.dmg
        mode: 420
  stemma/v1alpha1/MacSoftware/dante-controller:
    source:
      version: 1
      resolver: audinate
      resolver_version: "1"
      declaration: 8b167865f500d279610489c3a2f48af1dbfa7690252719e114e159c9d5f8fc8e
      observation:
        filename: DanteController-4.18.1.1-macos-arm64.dmg
        url: https://audinate-software-updates.sgp1.cdn.digitaloceanspaces.com/DanteController/4/4.18/apple_silicon/DanteController-4.18.1.1-macos-arm64.dmg
        version: 4.18.1.1
      content:
        artifact:
          sha256: 4515cd12b4b185e4b6317db6de7ea5306ba33381baa2fce4ee08f5fc1b6538ff
          size: 568353173
        filename: DanteController-4.18.1.1-macos-arm64.dmg
        mode: 420
      evidence:
        audinate:
          version: 4.18.1.1
  stemma/v1alpha1/MacSoftware/dante-virtual-soundcard:
    source:
      version: 1
      resolver: audinate
      resolver_version: "1"
      declaration: d4b78168c674e9cca8bb2a9bac18d936622c21732ff0b1432953304727cded8a
      observation:
        filename: DVS-4.5.2.3_macos.dmg
        url: https://audinate-software-updates.sgp1.cdn.digitaloceanspaces.com/DanteVirtualSoundcard/4/4.5/macOS/DVS-4.5.2.3_macos.dmg
        version: 4.5.2.3
      content:
        artifact:
          sha256: 8d23b26a1b8b6601f4c5dc370bfcfea7558ec18c297992306830d0205d571a1c
          size: 41889137
        filename: DVS-4.5.2.3_macos.dmg
        mode: 420
      evidence:
        audinate:
          version: 4.5.2.3
  stemma/v1alpha1/MacSoftware/docker-desktop:
    source:
      version: 1
      resolver: http
      resolver_version: "1"
      declaration: 296efb5e6ca6d488e72356659af78a98490d3305fe4583308e9de2753ed075aa
      observation:
        url: https://desktop.docker.com/mac/main/arm64/Docker.dmg
      content:
        artifact:
          sha256: e513bbfeca246165595e2f17cabf6579936f36057f3f4fb689c619e6aac6d188
          size: 586158615
        filename: Docker.dmg
        mode: 420
  stemma/v1alpha1/MacSoftware/easyfind:
    source:
      version: 1
      resolver: http
      resolver_version: "1"
      declaration: 43c72883ee4d3c9f7c9d4d6d6266fb2e40de919886bbf07cbf63ebaf275571f5
      observation:
        url: https://download.devontechnologies.com/download/freeware/easyfind/5.0.2/EasyFind.app.zip
      content:
        artifact:
          sha256: 1539a562539e3b3a243da864fddee0351a4c7d109aa9dcae436775ecbb288fc9
          size: 5056310
        filename: EasyFind.app.zip
        mode: 420
  stemma/v1alpha1/MacSoftware/epson-drivers:
    source:
      version: 1
      resolver: epson
      resolver_version: "1"
      declaration: befddb0176cdc80cf2158e6f1b039b60d6689f8a78bc3b3dd10fe493e743d1a2
      observation:
        filename: AMC6000_AMC5000_AMC4000_1348AW_21.dmg
        url: https://d21ceiiri21o6e.cloudfront.net/f/module/3d238dc5-9ccc-4d31-b74f-6ab6a284ad7f/AMC6000_AMC5000_AMC4000_1348AW_21.dmg
        version: "13.48"
      content:
        artifact:
          sha256: 0882e77c517e6941233d464a746b51200645f5ec9d58d417cfc7426241ce30cb
          size: 67597622
        filename: AMC6000_AMC5000_AMC4000_1348AW_21.dmg
        mode: 420
      evidence:
        epson:
          version: "13.48"
  stemma/v1alpha1/MacSoftware/gamemaker:
    source:
      version: 1
      resolver: http
      resolver_version: "1"
      declaration: a38e9a34969899ddf6c73418a94d1fd0e5d2fdda8c3047d5c38cb821a501c4f1
      observation:
        url: https://gamemaker.io/en/download/mac/monthly/GameMaker.pkg
      content:
        artifact:
          sha256: 8cbd33a9a92ed60ebd53734413b33afdeb8c677326ada0c80971e9f91555cc7f
          size: 450731494
        filename: GameMaker-2024.14.4.222.pkg
        mode: 420
  stemma/v1alpha1/MacSoftware/garageband:
    source:
      version: 1
      resolver: file
      resolver_version: "1"
      declaration: b632f558a97a1f6eb95c6224e717645e0b206336ae6ebd7892af254e47157afc
      observation: {}
      content:
        artifact:
          sha256: b257a8da6f78d196fe1050089c7b15ef2ec7d0443d385be063a2d30d45080e9b
          size: 1516154880
        filename: GarageBand.app
        tree: true
        mode: 493
  stemma/v1alpha1/MacSoftware/globalprotect:
    source:
      version: 1
      resolver: http
      resolver_version: "1"
      declaration: a98e54abc224f1e9c372a4040578efc9c436ae7ee96caccdf359b0e91734cbf6
      observation:
        url: https://access.woodleigh.vic.edu.au/global-protect/getmsi.esp?platform=mac
      content:
        artifact:
          sha256: 4136c718caf3cbe8bb29e16cc21b92efea1dbb7851f19e508d857d246644ead2
          size: 138011908
        filename: GlobalProtect.pkg
        mode: 420
  stemma/v1alpha1/MacSoftware/godot:
    source:
      version: 1
      resolver: http
      resolver_version: "1"
      declaration: 02c8e274c4ba81ff14f7f427efef991eac769dcfbdbf9e5a77ffafe6246413ba
      observation:
        url: https://downloads.godotengine.org/?version=4.7.2&flavor=stable&slug=macos.universal.zip&platform=macos.universal
      content:
        artifact:
          sha256: c58a24e31d720be9d62f60cb5627c4e695fb72f21b0cfe1bc9ccaa9a3b3ba63e
          size: 170622178
        filename: Godot_v4.7.2-stable_macos.universal.zip
        mode: 420
  stemma/v1alpha1/MacSoftware/google-chrome:
    source:
      version: 1
      resolver: http
      resolver_version: "1"
      declaration: f8256e4340990b785cbabaa4fb0861cee091bfa32de2a0b8cb82b21b03d8cbb3
      observation:
        url: https://dl.google.com/dl/chrome/mac/universal/stable/gcem/GoogleChrome.pkg
      content:
        artifact:
          sha256: 81fb269b937fae2f3da79a07a05d52e616b05c132e452f289e605f94c1a68b26
          size: 264589035
        filename: GoogleChrome.pkg
        mode: 420
  stemma/v1alpha1/MacSoftware/google-earth-pro:
    source:
      version: 1
      resolver: http
      resolver_version: "1"
      declaration: b9a2bb608d5ccc7306532ef7acc7befccc9e3e775576146f922c05239b17fac6
      observation:
        url: https://dl.google.com/dl/earth/client/advanced/current/googleearthpromac-intel.dmg
      content:
        artifact:
          sha256: 20df0f4927f312f8d47e60294b9a77fd60e44be61476a581fb9195c029ba0893
          size: 84161771
        filename: googleearthpromac-intel.dmg
        mode: 420
  stemma/v1alpha1/MacSoftware/imovie:
    source:
      version: 1
      resolver: file
      resolver_version: "1"
      declaration: bcaf607a6382aaa2572aa49983e94b83640e7b0bdee4f4aabc0bde83ecb812aa
      observation: {}
      content:
        artifact:
          sha256: bee72ae1fd11351c0e17c8cd22e1a1ca4c59743581d791c80c3a3d28306b5396
          size: 4358283264
        filename: iMovie.app
        tree: true
        mode: 493
  stemma/v1alpha1/MacSoftware/keynote:
    source:
      version: 1
      resolver: file
      resolver_version: "1"
      declaration: 8e6cf5dadd899aa6f81549a988428b298d88d646b2dbf191a5a14c227b40a02a
      observation: {}
      content:
        artifact:
          sha256: 5a37f8d6d2202f45e8865c415ae4f368450799f0761d050a8c6f5f080a9a4302
          size: 953315840
        filename: Keynote Creator Studio.app
        tree: true
        mode: 493
  stemma/v1alpha1/MacSoftware/microsoft-365-business-pro-suite:
    source:
      version: 1
      resolver: microsoft
      resolver_version: "1"
      declaration: 3427a8c8405dd7b54b536bd3b91d66a0f110396fe26ac6ed7e9e3bc9b1a6b334
      observation:
        filename: Microsoft_365_and_Office_16.113.26092012_BusinessPro_Installer.pkg
        url: https://res.public.onecdn.static.microsoft/mro1cdnstorage/C1297A47-86C4-4C1F-97FA-950631F94777/MacAutoupdate/Microsoft_365_and_Office_16.113.26092012_BusinessPro_Installer.pkg
        version: ""
      content:
        artifact:
          sha256: af7208b15f91a3ed11129643b0b0c3de54ec5adbb8c9aadfff0948a76d3c1819
          size: 3223984488
        filename: Microsoft_365_and_Office_16.113.26092012_BusinessPro_Installer.pkg
        mode: 420
  stemma/v1alpha1/MacSoftware/microsoft-defender:
    source:
      version: 1
      resolver: microsoft
      resolver_version: "1"
      declaration: 04ddabe065356a0c36b72ee2c0b1bf6063ef6e8bd0860858dd20ec6757423350
      observation:
        filename: wdav.pkg
        url: https://res.public.onecdn.static.microsoft/mro1cdnstorage/C1297A47-86C4-4C1F-97FA-950631F94777/MacAutoupdate/wdav.pkg
        version: ""
      content:
        artifact:
          sha256: 4f2670eb11eb080e864605ff41310277228991f4ebe16a651880cb3435e4f8b7
          size: 475531754
        filename: wdav.pkg
        mode: 420
  stemma/v1alpha1/MacSoftware/microsoft-edge:
    source:
      version: 1
      resolver: microsoft
      resolver_version: "1"
      declaration: d956aada387ef75bf2fb0fe0bd97c798c490d054a44548d654141352d33ceb97
      observation:
        filename: MicrosoftEdge-154.0.4258.37.pkg
        url: https://msedge.sf.dl.delivery.mp.microsoft.com/filestreamingservice/files/548d966b-8596-4ddf-83fa-cc29fc355933/MicrosoftEdge-154.0.4258.37.pkg
        version: ""
      content:
        artifact:
          sha256: d104a5c2f288b3f8d8db964bba26e8545f645ea88b0d64ece1215b63a742a9a5
          size: 447799935
        filename: MicrosoftEdge-154.0.4258.37.pkg
        mode: 420
  stemma/v1alpha1/MacSoftware/microsoft-excel:
    source:
      version: 1
      resolver: microsoft
      resolver_version: "1"
      declaration: eaf7222edc7ff70db33673432452afab2166ed185eda8b0fa2ef5ab6b670351d
      observation:
        filename: Microsoft_Excel_16.113.26092012_Installer.pkg
        url: https://res.public.onecdn.static.microsoft/mro1cdnstorage/C1297A47-86C4-4C1F-97FA-950631F94777/MacAutoupdate/Microsoft_Excel_16.113.26092012_Installer.pkg
        version: 16.113.26092012
      content:
        artifact:
          sha256: cfd6ef609fe96e5de049310f9410c18ee2c4e53825731095a940e9c6bcbcc79f
          size: 1179109192
        filename: Microsoft_Excel_16.113.26092012_Installer.pkg
        mode: 420
      evidence:
        microsoft:
          version: 16.113.26092012
  stemma/v1alpha1/MacSoftware/microsoft-onenote:
    source:
      version: 1
      resolver: microsoft
      resolver_version: "1"
      declaration: e1169584a74b40d552ccde05c15d68a488336719ef441658439aba4077accea7
      observation:
        filename: Microsoft_OneNote_16.113.26092012_Updater.pkg
        url: https://res.public.onecdn.static.microsoft/mro1cdnstorage/C1297A47-86C4-4C1F-97FA-950631F94777/MacAutoupdate/Microsoft_OneNote_16.113.26092012_Updater.pkg
        version: 16.113.26092012
      content:
        artifact:
          sha256: 388282f207837bfff7663cf57681fea33cc32fcd878c84a12413253928ccfc03
          size: 628254834
        filename: Microsoft_OneNote_16.113.26092012_Updater.pkg
        mode: 420
      evidence:
        microsoft:
          version: 16.113.26092012
  stemma/v1alpha1/MacSoftware/microsoft-outlook:
    source:
      version: 1
      resolver: microsoft
      resolver_version: "1"
      declaration: af7038425c6324fab22b3e4ac5c48e355b9bebea80e35a30bcd0da726d55ebd5
      observation:
        filename: Microsoft_Outlook_16.113.26092012_Installer.pkg
        url: https://res.public.onecdn.static.microsoft/mro1cdnstorage/C1297A47-86C4-4C1F-97FA-950631F94777/MacAutoupdate/Microsoft_Outlook_16.113.26092012_Installer.pkg
        version: 16.113.26092012
      content:
        artifact:
          sha256: e036d4b1fee9ab1c341b00e929446667c24a72df2f72f5a7561ff96ba0a8faaf
          size: 1238063728
        filename: Microsoft_Outlook_16.113.26092012_Installer.pkg
        mode: 420
      evidence:
        microsoft:
          version: 16.113.26092012
  stemma/v1alpha1/MacSoftware/microsoft-powerpoint:
    source:
      version: 1
      resolver: microsoft
      resolver_version: "1"
      declaration: 94371a1c5d90baf3b1999052a36539079296bd270d51132389bdac7dd271b44b
      observation:
        filename: Microsoft_PowerPoint_16.113.26092012_Installer.pkg
        url: https://res.public.onecdn.static.microsoft/mro1cdnstorage/C1297A47-86C4-4C1F-97FA-950631F94777/MacAutoupdate/Microsoft_PowerPoint_16.113.26092012_Installer.pkg
        version: 16.113.26092012
      content:
        artifact:
          sha256: 62597acd30ca4f32b96aa8c15a1445fc34cac32c9b3eef057d5476efcbe7ce04
          size: 1093720470
        filename: Microsoft_PowerPoint_16.113.26092012_Installer.pkg
        mode: 420
      evidence:
        microsoft:
          version: 16.113.26092012
  stemma/v1alpha1/MacSoftware/microsoft-teams:
    source:
      version: 1
      resolver: microsoft
      resolver_version: "1"
      declaration: 3529326da253b87d7da01a5936d58816e1c49b2e469a85dd4367bcd0897bd7a4
      observation:
        filename: MicrosoftTeams.pkg
        url: https://statics.teams.cdn.office.net/production-osx/enterprise/webview2/lkg/MicrosoftTeams.pkg
        version: ""
      content:
        artifact:
          sha256: b3b91321a40a1fb30aee7b98de6b2e544be934b374ecc24b1caf1f27d610279f
          size: 355445677
        filename: MicrosoftTeams.pkg
        mode: 420
  stemma/v1alpha1/MacSoftware/microsoft-word:
    source:
      version: 1
      resolver: microsoft
      resolver_version: "1"
      declaration: 410435cfc92bd8175e8c8cadb22af92eeab6f4f55138456a40ca7a2beab8adab
      observation:
        filename: Microsoft_Word_16.113.26092012_Installer.pkg
        url: https://res.public.onecdn.static.microsoft/mro1cdnstorage/C1297A47-86C4-4C1F-97FA-950631F94777/MacAutoupdate/Microsoft_Word_16.113.26092012_Installer.pkg
        version: 16.113.26092012
      content:
        artifact:
          sha256: 747876ba0c52d2b1b6cc0abdc62716cda6fd2a2a5d5cff0358e3fae5a8f269c5
          size: 1412907516
        filename: Microsoft_Word_16.113.26092012_Installer.pkg
        mode: 420
      evidence:
        microsoft:
          version: 16.113.26092012
  stemma/v1alpha1/MacSoftware/minecraft-education:
    source:
      version: 1
      resolver: http
      resolver_version: "1"
      declaration: 2a16778cc9327a3f6551d1c34c8a38a62f6598a8991b6a472b8c146f1efd28c8
      observation:
        url: https://aka.ms/meeclientmacos
      content:
        artifact:
          sha256: 8aaada426842ebc054acb70ecd0a44fcb9abe02988e98d5488f17376380e2960
          size: 866494212
        filename: Minecraft_Education_1.26.32.0.dmg
        mode: 420
  stemma/v1alpha1/MacSoftware/munki:
    source:
      version: 1
      resolver: github
      resolver_version: "1"
      declaration: 4a33c3aa1118fc2541366df6c8ca288045a45754228eea17e6701ec1aabc18c4
      observation:
        asset_id: 529357077
        release: v7.3.0
        release_id: 376493304
        url: https://github.com/munki/munki/releases/download/v7.3.0/munkitools-7.3.0.5808.pkg
      content:
        artifact:
          sha256: 4ed826bd32811ef54524a10300f66c9af4c9fdd8c243ada146d468485e1bffcc
          size: 21389966
        filename: munkitools-7.3.0.5808.pkg
        mode: 420
  stemma/v1alpha1/MacSoftware/nap-locked-down-browser:
    source:
      version: 1
      resolver: http
      resolver_version: "1"
      declaration: d34da181a79d98ca8da579dc7d0121aa003bce0b9619f69897a524aaa80a5a49
      observation:
        url: https://pages.assessform.edu.au/uploads/files/Release/NAP%20Locked%20down%20browser%20-%20Release%20-%205.10.5.pkg
      content:
        artifact:
          sha256: 0c52500ff74f25dd7bc1080381cdf9c44695e796c614f347b0dd1c4ba4f91ea0
          size: 24802971
        filename: NAP Locked down browser - Release - 5.10.5.pkg
        mode: 420
  stemma/v1alpha1/MacSoftware/numbers:
    source:
      version: 1
      resolver: file
      resolver_version: "1"
      declaration: dadabd51248a3dc24856547f78d713775074264656b4f2b66b9bb83f9e0ba740
      observation: {}
      content:
        artifact:
          sha256: 90ce9b187eff3a2f279a069020599013f784037a93be763bc76bcd49ef886edf
          size: 770874880
        filename: Numbers Creator Studio.app
        tree: true
        mode: 493
  stemma/v1alpha1/MacSoftware/onedrive:
    source:
      version: 1
      resolver: microsoft
      resolver_version: "1"
      declaration: 320a79396f607c13944f2186c535aaa4967658ce358e2617d93a2e18518be6f7
      observation:
        filename: OneDrive.pkg
        url: https://oneclient.sfx.ms/Mac/Installers/26.153.0809.0004/universal/OneDrive.pkg
        version: ""
      content:
        artifact:
          sha256: 35d67e76de8579fa0b533fff7ff3b618ea54f574a8a557bb9d3d736b14029f78
          size: 313891319
        filename: OneDrive.pkg
        mode: 420
  stemma/v1alpha1/MacSoftware/pages:
    source:
      version: 1
      resolver: file
      resolver_version: "1"
      declaration: 1f473604462ddcd0f41b788cbe534634df2e0bc43c50675a2c26da7aefcba9c9
      observation: {}
      content:
        artifact:
          sha256: 0ebbde1276625f2831a00764fdef2bac99401166db0f2def33e6b0cc1a71d3f0
          size: 933023744
        filename: Pages Creator Studio.app
        tree: true
        mode: 493
  stemma/v1alpha1/MacSoftware/plinth:
    source:
      version: 1
      resolver: github
      resolver_version: "1"
      declaration: 834765ae89f572e3ca96df2309ea63c901857f9f5b9e297eb8d862a934321bc6
      observation:
        asset_id: 583062722
        release: 0.1.10
        release_id: 394322308
        url: https://github.com/woodleighschool/plinth/releases/download/0.1.10/Plinth-0.1.10.pkg
      content:
        artifact:
          sha256: 39d388a7e2c72cca76c05025a876da1a12409992f4171550f5dacef579d3d93b
          size: 1909527
        filename: Plinth-0.1.10.pkg
        mode: 420
  stemma/v1alpha1/MacSoftware/python:
    source:
      version: 1
      resolver: python
      resolver_version: "1"
      declaration: 3501e129389d0d032dfad059f8086ccf36e840b9311e07fd0763a9b870a76816
      observation:
        filename: python-3.13.15-macos11.pkg
        url: https://www.python.org/ftp/python/3.13.15/python-3.13.15-macos11.pkg
        version: 3.13.15
      content:
        artifact:
          sha256: 3b7eaf7f29825f796e8267024435540ddf1f17fc9a97ad58095daa7a75bfdcd3
          size: 72078932
        filename: python-3.13.15-macos11.pkg
        mode: 420
      evidence:
        python:
          version: 3.13.15
  stemma/v1alpha1/MacSoftware/rekordbox-7:
    source:
      version: 1
      resolver: http
      resolver_version: "1"
      declaration: b9d7a9a1bec9e2ca853c2748791cfa32b4384c2ac381f4d6d337393d721baf60
      observation:
        url: https://cdn.rekordbox.com/files/20260914095016/Install_rekordbox_7_2_19.pkg_.zip
      content:
        artifact:
          sha256: 17d9bf51c75df6f06be73f039c7acd95bcbb2700c10ff39cf360034fec8a2e03
          size: 936293132
        filename: Install_rekordbox_7_2_19.pkg_.zip
        mode: 420
  stemma/v1alpha1/MacSoftware/safe-exam-browser:
    source:
      version: 1
      resolver: github
      resolver_version: "1"
      declaration: e039d70e6a2f4341d89eb308e775336f36e362a41d8f0ee7460dcb1560bbd021
      observation:
        asset_id: 553598100
        release: 3.7.1
        release_id: 385854580
        url: https://github.com/SafeExamBrowser/seb-mac/releases/download/3.7.1/SafeExamBrowser-3.7.1.dmg
      content:
        artifact:
          sha256: d9a11b2f5f35f5681b0f0f204a217bdcb90413481748f34cbff2ae86044e6086
          size: 11456688
        filename: SafeExamBrowser-3.7.1.dmg
        mode: 420
  stemma/v1alpha1/MacSoftware/santa:
    source:
      version: 1
      resolver: github
      resolver_version: "1"
      declaration: b0a572b4a0ec1c47d23197ed0248fcc134f25fba7daf5577c98d2b2e00d4754f
      observation:
        asset_id: 568406356
        release: "2026.8"
        release_id: 390112701
        url: https://github.com/northpolesec/santa/releases/download/2026.8/santa-2026.8.pkg
      content:
        artifact:
          sha256: 0aaa970c7ddc63fe6a55c3144c825acb7f6bfa9cb15bcba1bffcaf2b5efc952a
          size: 53569367
        filename: santa-2026.8.pkg
        mode: 420
  stemma/v1alpha1/MacSoftware/sketchup-2026:
    source:
      version: 1
      resolver: http
      resolver_version: "1"
      declaration: c1b9baf463643ba228eafe725f05825ba0655910604a834a183c47c099c656a2
      observation:
        url: https://sketchup.trimble.com/sketchup/2026/SketchUpPro-dmg
      content:
        artifact:
          sha256: 3a89d6ea7a5eddbd97521bde884f528f2dd6348b6408b74651551fb89d27c344
          size: 1493353715
        filename: SketchUp2026.dmg
        mode: 420
  stemma/v1alpha1/MacSoftware/spotify:
    source:
      version: 1
      resolver: http
      resolver_version: "1"
      declaration: d4af667d4d1d3b061a84c51f69cdea7765e10beceae9629053c1f5fcc7d1b295
      observation:
        url: https://download.scdn.co/SpotifyARM64.dmg
      content:
        artifact:
          sha256: 30171cb041c07749ad41fc0487c6d9c0e283b97a945c347d6719ec6ffe21be07
          size: 166001978
        filename: SpotifyARM64.dmg
        mode: 420
  stemma/v1alpha1/MacSoftware/swiftdialog:
    source:
      version: 1
      resolver: github
      resolver_version: "1"
      declaration: 60e701156e0971fac33bb37b63185c9890713a77052fc8a164f14102e1cbf14b
      observation:
        asset_id: 476624493
        release: v3.1.0
        release_id: 353749918
        url: https://github.com/swiftDialog/swiftDialog/releases/download/v3.1.0/dialog-3.1.0-4994.pkg
      content:
        artifact:
          sha256: 462921537425146b00b936448e518578b58d5177c039a609532cfea349c3e166
          size: 21133559
        filename: dialog-3.1.0-4994.pkg
        mode: 420
  stemma/v1alpha1/MacSoftware/ti-nspire-student:
    source:
      version: 1
      resolver: http
      resolver_version: "1"
      declaration: 868870163a67845512cac87ee807e18438180aa3ef62fdf588087010933f7e06
      observation:
        url: https://education.ti.com/download/en/ed-tech/AFCFF2853BC34DEFB4C0B8B156F92404/C2917C2F3F26448CA245096925D9F715/TINspireCXStudentSoftware-6.3.0.119.dmg
      content:
        artifact:
          sha256: 4366d0d9d424684dd8ec8cb9bd98aaa9f512ff39867d19e3d03867a03d452fe7
          size: 214797658
        filename: TINspireCXStudentSoftware-6.3.0.119.dmg
        mode: 420
  stemma/v1alpha1/MacSoftware/ti-nspire-teacher:
    source:
      version: 1
      resolver: http
      resolver_version: "1"
      declaration: 6164b7a0ff74c4827391d5a091102c9d859a76331d8c2dbd26bce4eac7b1471a
      observation:
        url: https://education.ti.com/download/en/ed-tech/B993F3BD97D94D7EA35E5D514DD57FB5/293CCDED1CD94E5B85FA44E8C8B73833/TINspireCXPremiumTeacherSoftware-6.4.0.74.dmg
      content:
        artifact:
          sha256: e7e8b666b1cb7de6c0d85064df5f85366ad0e3a4c411ee316b4daa02202d5d3f
          size: 470947743
        filename: TINspireCXPremiumTeacherSoftware-6.4.0.74.dmg
        mode: 420
  stemma/v1alpha1/MacSoftware/ultimaker-cura:
    source:
      version: 1
      resolver: github
      resolver_version: "1"
      declaration: 597bbca4de804239a9ff281d18313825c68bdea7cec198e9f03decceeaebc74e
      observation:
        asset_id: 431951372
        release: 5.13.0
        release_id: 330225040
        url: https://github.com/Ultimaker/Cura/releases/download/5.13.0/UltiMaker-Cura-5.13.0-macos-ARM64.dmg
      content:
        artifact:
          sha256: 1483806486a19728bc0f363f847d75be3f179ea43c7f074bfc327f5b5c6e05ad
          size: 172070501
        filename: UltiMaker-Cura-5.13.0-macos-ARM64.dmg
        mode: 420
  stemma/v1alpha1/MacSoftware/unity-hub:
    source:
      version: 1
      resolver: http
      resolver_version: "1"
      declaration: ab711f838eba210554cb462d671513ae8dff4cc2d7191ed2a4294aaf251cf84e
      observation:
        url: https://public-cdn.cloud.unity3d.com/hub/prod/UnityHubSetup-arm64.dmg
      content:
        artifact:
          sha256: 15c1c3b03f036845d727047364358ca821c88ee4108b666db5368417053a154e
          size: 156126282
        filename: UnityHubSetup-arm64.dmg
        mode: 420
  stemma/v1alpha1/MacSoftware/vernier-graphical-analysis:
    source:
      version: 1
      resolver: http
      resolver_version: "1"
      declaration: dd0ae3433758942b619c363306541a4dd4323f09237ae0f7e76f69e833a92a40
      observation:
        url: https://software-releases.graphicalanalysis.com/ga/mac/release/latest/Vernier-Graphical-Analysis.dmg
      content:
        artifact:
          sha256: a242c182adbe8bfc8ec4ea9fd50dba2ed6a692e75cf79cf41e05a448a5fd7a6f
          size: 232618146
        filename: Vernier-Graphical-Analysis.dmg
        mode: 420
  stemma/v1alpha1/MacSoftware/visual-studio-code:
    source:
      version: 1
      resolver: http
      resolver_version: "1"
      declaration: 6f113c46478ef79c97a521f218037bbe906df1c1c98628f803cb14e3457314eb
      observation:
        url: https://code.visualstudio.com/sha/download?build=stable&os=darwin-arm64-dmg
      content:
        artifact:
          sha256: ac59e4375a493d87edef35d91ebe9ad0635fd31914821bf303bf0161fc42ac39
          size: 283980347
        filename: VSCode-darwin-arm64.dmg
        mode: 420
  stemma/v1alpha1/MacSoftware/vivi:
    source:
      version: 1
      resolver: http
      resolver_version: "1"
      declaration: 67e4194a8106f7b3037621b4a391f859ed73c0fa9a5de7533d96f078def3aaa4
      observation:
        url: https://api.vivi.io/mac
      content:
        artifact:
          sha256: 8783b30c8da0c920e93573d3d54ae64825d97da274f012111ede14a4761465bf
          size: 309559384
        filename: Vivi-3.12.0.pkg
        mode: 420
  stemma/v1alpha1/MacSoftware/vlc:
    source:
      version: 1
      resolver: http
      resolver_version: "1"
      declaration: 43196139a9dc3475328fc6174645fe4a0649dd1ccd4714bc42505a093ef29d91
      observation:
        url: https://get.videolan.org/vlc/3.0.24/macosx/vlc-3.0.24-arm64.dmg
      content:
        artifact:
          sha256: 64a89d93cdd30b0e97131743e246373db82d6826ea882d265d46d74b136da2b7
          size: 56960605
        filename: vlc-3.0.24-arm64.dmg
        mode: 420
  stemma/v1alpha1/MacSoftware/wacom-tablet-driver:
    source:
      version: 1
      resolver: http
      resolver_version: "1"
      declaration: 54b5017166324672c5551125d61ec62d07e97c9f0fbf34b8a9e299cba28e38bd
      observation:
        url: https://cdn.wacom.com/u/productsupport/drivers/mac/professional/WacomTablet_6.4.14-2.dmg
      content:
        artifact:
          sha256: 9165218f880057c9b95b3a8b450ad795e359cbb2bb7078e6c7a450bd119d0a10
          size: 192238563
        filename: WacomTablet_6.4.14-2.dmg
        mode: 420
  stemma/v1alpha1/MacSoftware/windows-app:
    source:
      version: 1
      resolver: microsoft
      resolver_version: "1"
      declaration: 942bf334b59409af1fb6332da4b905c3d2d14c07f9d49588819a8a712063209a
      observation:
        filename: Windows_App_11.4.2_installer.pkg
        url: https://res.public.onecdn.static.microsoft/mro1cdnstorage/C1297A47-86C4-4C1F-97FA-950631F94777/MacAutoupdate/Windows_App_11.4.2_installer.pkg
        version: ""
      content:
        artifact:
          sha256: e6f97a8422adc8267ceb4e17a484192bd90b3ac9b2df2bc48923144f33371d4f
          size: 106334625
        filename: Windows_App_11.4.2_installer.pkg
        mode: 420
  stemma/v1alpha1/MacSoftware/woodsweep:
    source:
      version: 1
      resolver: github
      resolver_version: "1"
      declaration: cab9cc03ad3068891b9cdb1d73c54136e3af205da5e147f91e77f1970536a4b0
      observation:
        asset_id: 533213276
        release: 0.2.3
        release_id: 378248387
        url: https://github.com/woodleighschool/woodsweep/releases/download/0.2.3/WoodSweep-0.2.3.zip
      content:
        artifact:
          sha256: c2b1b555f68252717486038d5110f1873ca4f941c5167d2a2be497a1ed330a5c
          size: 35126862
        filename: WoodSweep-0.2.3.zip
        mode: 420
  stemma/v1alpha1/MacSoftware/zoom:
    source:
      version: 1
      resolver: http
      resolver_version: "1"
      declaration: c55979850e795e033861595872ff599ab94a6389001ab7ae1f10eaf42e274994
      observation:
        url: https://zoom.us/client/latest/ZoomInstallerIT.pkg
      content:
        artifact:
          sha256: bd5a3310a747a694011ba314cc8accd86396082f96ce9560c9d2d9f2b663df3d
          size: 383120451
        filename: ZoomInstallerIT.pkg
        mode: 420
  stemma/v1alpha1/WindowsSoftware/firefox:
    source:
      version: 1
      resolver: http
      resolver_version: "1"
      declaration: bdacec7e73f252ceb8e8a92dfb7a5c1c2ef5ffc5e98450b3fe838ceedcb03019
      observation: {}
      content:
        artifact:
          sha256: d5975a753af9131068fd78835ee3492bd62e5c043d053f6f701f883d02d6a0dc
          size: 92909568
        filename: Firefox Setup 156.0.1.msi
        mode: 420
  stemma/v1alpha1/WindowsSoftware/google-chrome:
    source:
      version: 1
      resolver: http
      resolver_version: "1"
      declaration: bce4ed5e78e6c91e0cd711908a02cd8314ae06ca16e7eac8e840f9069c7f93ee
      observation:
        url: https://dl.google.com/dl/chrome/install/googlechromestandaloneenterprise64.msi
      content:
        artifact:
          sha256: 40de51d92ebbc3d2e9b434526ec6f937bf9a62df6de7ca385dd02d0648379051
          size: 167686144
        filename: googlechromestandaloneenterprise64.msi
        mode: 420
  stemma/v1alpha1/WindowsSoftware/zoom:
    source:
      version: 1
      resolver: http
      resolver_version: "1"
      declaration: 3062bc012bac6be0b69c9174c3ff0269b88dc188a7b11d622af228ad2ceb55f8
      observation:
        url: https://zoom.us/client/latest/ZoomInstallerFull.msi?archType=x64
      content:
        artifact:
          sha256: b0dac9fa5237d2e18144ca723644460e7cc26675e5d3db0f89fdfe47ad8c429b
          size: 220297216
        filename: ZoomInstallerFull.msi
        mode: 420
