# @generated - this file is auto-generated by `mise lock` https://mise.jdx.dev/dev-tools/mise-lock.html

lockfile_version = 2

[[tools."github:woodleighschool/stemma"]]
version = "0.2.1"
backend = "github:woodleighschool/stemma"
specifiers = ["0.2.1"]

[tools."github:woodleighschool/stemma"."platforms.linux-arm64"]
checksum = "sha256:af5f1764157f29a4ca83c9b2183b557fde83a5f1505087d8d35d5d0ee64de426"
url = "https://github.com/woodleighschool/stemma/releases/download/0.2.1/stemma_0.2.1_linux_arm64.tar.gz"
url_api = "https://api.github.com/repos/woodleighschool/stemma/releases/assets/561167785"

[tools."github:woodleighschool/stemma"."platforms.linux-x64"]
checksum = "sha256:025c3b6c0b03db4e5a6d631a165cf7e5776df669664f98fb35b76ff83fd70837"
url = "https://github.com/woodleighschool/stemma/releases/download/0.2.1/stemma_0.2.1_linux_amd64.tar.gz"
url_api = "https://api.github.com/repos/woodleighschool/stemma/releases/assets/561167721"

[tools."github:woodleighschool/stemma"."platforms.macos-arm64"]
checksum = "sha256:b7070d2619b1d92fc7e5072786f111c7b01e4e5594ba93d715a4100ce4b97259"
url = "https://github.com/woodleighschool/stemma/releases/download/0.2.1/stemma_0.2.1_darwin_arm64.tar.gz"
url_api = "https://api.github.com/repos/woodleighschool/stemma/releases/assets/561167749"
