# @generated - this file is auto-generated by `mise lock` https://mise.jdx.dev/dev-tools/mise-lock.html

lockfile_version = 2

[[tools.oxfmt]]
version = "0.67.0"
aube = { path = "locks/oxfmt/0.67.0", digest = "sha256:64e490f245a4423f5cb4c512498bbceab63813c3a4e59a0032a19424ee93c126" }
backend = "npm:oxfmt"
specifiers = ["0.67.0"]
